// !$*UTF8*$!
{
	archiveVersion = 1;
	classes = {
	};
	objectVersion = 46;
	objects = {

/* Begin PBXBuildFile section */
		0534FE7E1D70D44200FE964A /* Assets.xcassets in Resources */ = {isa = PBXBuildFile; fileRef = 0534FE7D1D70D44200FE964A /* Assets.xcassets */; };
		0534FE961D70D97E00FE964A /* Arimo-Bold.ttf in Resources */ = {isa = PBXBuildFile; fileRef = 0534FE8F1D70D97E00FE964A /* Arimo-Bold.ttf */; };
		0534FE971D70D97E00FE964A /* Arimo-BoldItalic.ttf in Resources */ = {isa = PBXBuildFile; fileRef = 0534FE901D70D97E00FE964A /* Arimo-BoldItalic.ttf */; };
		0534FE981D70D97E00FE964A /* Arimo-Italic.ttf in Resources */ = {isa = PBXBuildFile; fileRef = 0534FE911D70D97E00FE964A /* Arimo-Italic.ttf */; };
		0534FE991D70D97E00FE964A /* Arimo-Regular.otf in Resources */ = {isa = PBXBuildFile; fileRef = 0534FE921D70D97E00FE964A /* Arimo-Regular.otf */; };
		0534FE9A1D70D97E00FE964A /* FGroteskMobile.otf in Resources */ = {isa = PBXBuildFile; fileRef = 0534FE931D70D97E00FE964A /* FGroteskMobile.otf */; };
		0534FE9B1D70D97E00FE964A /* fgrouble-Regular.otf in Resources */ = {isa = PBXBuildFile; fileRef = 0534FE941D70D97E00FE964A /* fgrouble-Regular.otf */; };
		0534FE9C1D70D97E00FE964A /* LavaPro-RegularItalic.otf in Resources */ = {isa = PBXBuildFile; fileRef = 0534FE951D70D97E00FE964A /* LavaPro-RegularItalic.otf */; };
		0534FEB51D71CDB500FE964A /* Podfile in Resources */ = {isa = PBXBuildFile; fileRef = 0534FEB41D71CDB500FE964A /* Podfile */; };
		0534FEC11D72389900FE964A /* mums.json in Resources */ = {isa = PBXBuildFile; fileRef = 0534FEBF1D72389900FE964A /* mums.json */; };
		0534FEC41D7238A200FE964A /* bg_mainScreen.png in Resources */ = {isa = PBXBuildFile; fileRef = 0534FEC21D7238A200FE964A /* bg_mainScreen.png */; };
		0534FECB1D72630100FE964A /* WebKit.framework in Frameworks */ = {isa = PBXBuildFile; fileRef = 0534FECA1D72630100FE964A /* WebKit.framework */; };
		0536AE6D1D7742F700941357 /* BeeAppIconIcon-60@2x.png in Resources */ = {isa = PBXBuildFile; fileRef = 0536AE611D7742F700941357 /* BeeAppIconIcon-60@2x.png */; };
		0536AE6E1D7742F700941357 /* BeeAppIconIcon-60@3x.png in Resources */ = {isa = PBXBuildFile; fileRef = 0536AE621D7742F700941357 /* BeeAppIconIcon-60@3x.png */; };
		0536AE6F1D7742F700941357 /* BeeAppIconIcon-76.png in Resources */ = {isa = PBXBuildFile; fileRef = 0536AE631D7742F700941357 /* BeeAppIconIcon-76.png */; };
		0536AE701D7742F700941357 /* BeeAppIconIcon-76@2x.png in Resources */ = {isa = PBXBuildFile; fileRef = 0536AE641D7742F700941357 /* BeeAppIconIcon-76@2x.png */; };
		0536AE711D7742F700941357 /* BeeAppIconIcon-Small-40.png in Resources */ = {isa = PBXBuildFile; fileRef = 0536AE651D7742F700941357 /* BeeAppIconIcon-Small-40.png */; };
		0536AE721D7742F700941357 /* BeeAppIconIcon-Small-40@2x.png in Resources */ = {isa = PBXBuildFile; fileRef = 0536AE661D7742F700941357 /* BeeAppIconIcon-Small-40@2x.png */; };
		0536AE731D7742F700941357 /* BeeAppIconIcon-Small-40@3x.png in Resources */ = {isa = PBXBuildFile; fileRef = 0536AE671D7742F700941357 /* BeeAppIconIcon-Small-40@3x.png */; };
		0536AE741D7742F700941357 /* BeeAppIconIcon-Small.png in Resources */ = {isa = PBXBuildFile; fileRef = 0536AE681D7742F700941357 /* BeeAppIconIcon-Small.png */; };
		0536AE751D7742F700941357 /* BeeAppIconIcon-Small@2x.png in Resources */ = {isa = PBXBuildFile; fileRef = 0536AE691D7742F700941357 /* BeeAppIconIcon-Small@2x.png */; };
		0536AE761D7742F700941357 /* BeeAppIconIcon-Small@3x.png in Resources */ = {isa = PBXBuildFile; fileRef = 0536AE6A1D7742F700941357 /* BeeAppIconIcon-Small@3x.png */; };
		0536AE771D7742F700941357 /* BeeAppIconiTunesArtwork.png in Resources */ = {isa = PBXBuildFile; fileRef = 0536AE6B1D7742F700941357 /* BeeAppIconiTunesArtwork.png */; };
		0536AE781D7742F700941357 /* BeeAppIconiTunesArtwork@2x.png in Resources */ = {isa = PBXBuildFile; fileRef = 0536AE6C1D7742F700941357 /* BeeAppIconiTunesArtwork@2x.png */; };
		0536AE7A1D77526900941357 /* OptJSON.swift in Sources */ = {isa = PBXBuildFile; fileRef = 0536AE791D77526900941357 /* OptJSON.swift */; };
		0536AE7E1D775F9600941357 /* NSDate.swift in Sources */ = {isa = PBXBuildFile; fileRef = 0536AE7D1D775F9600941357 /* NSDate.swift */; };
		0536AE821D77870B00941357 /* NSString.swift in Sources */ = {isa = PBXBuildFile; fileRef = 0536AE811D77870B00941357 /* NSString.swift */; };
		0536AE841D7801A400941357 /* Cocon_Bold.otf in Resources */ = {isa = PBXBuildFile; fileRef = 0536AE831D7801A400941357 /* Cocon_Bold.otf */; };
		0536AE871D780FDA00941357 /* GoogleService-Info.plist in Resources */ = {isa = PBXBuildFile; fileRef = 0536AE851D780FDA00941357 /* GoogleService-Info.plist */; };
		0536AE911D7815E700941357 /* UIViewController.swift in Sources */ = {isa = PBXBuildFile; fileRef = 0536AE901D7815E700941357 /* UIViewController.swift */; };
		0536AE941D78309900941357 /* headerScreen0.png in Resources */ = {isa = PBXBuildFile; fileRef = 0536AE921D78309900941357 /* headerScreen0.png */; };
		0536AE971D7834C300941357 /* headerScreen3.png in Resources */ = {isa = PBXBuildFile; fileRef = 0536AE961D7834C300941357 /* headerScreen3.png */; };
		0536AE9D1D783C8A00941357 /* headerScreen2.png in Resources */ = {isa = PBXBuildFile; fileRef = 0536AE9C1D783C8A00941357 /* headerScreen2.png */; };
		057DC1A51D7ADE5E00F6C5F6 /* StoreKit.framework in Frameworks */ = {isa = PBXBuildFile; fileRef = 057DC1A41D7ADE5E00F6C5F6 /* StoreKit.framework */; };
		7E0487261D875DFA0083C404 /* ApplicationAssembly.swift in Sources */ = {isa = PBXBuildFile; fileRef = 7E0487251D875DFA0083C404 /* ApplicationAssembly.swift */; };
		7E0487291D875E400083C404 /* Configuration.plist in Resources */ = {isa = PBXBuildFile; fileRef = 7E0487281D875E400083C404 /* Configuration.plist */; };
		7E04872B1D8770AB0083C404 /* AppDelegateServiceProtocol.swift in Sources */ = {isa = PBXBuildFile; fileRef = 7E04872A1D8770AB0083C404 /* AppDelegateServiceProtocol.swift */; };
		7E25BE361D88212E00ED372E /* BabyBee-Constants.swift in Sources */ = {isa = PBXBuildFile; fileRef = 7E25BE351D88212E00ED372E /* BabyBee-Constants.swift */; };
		7E25BE3A1D886A3C00ED372E /* BabyBee-LanguageStrings.strings in Resources */ = {isa = PBXBuildFile; fileRef = 7E25BE391D886A3C00ED372E /* BabyBee-LanguageStrings.strings */; };
		7E9CA2D21D89E90100156A25 /* CGCatalogModel.swift in Sources */ = {isa = PBXBuildFile; fileRef = 7E9CA2CF1D89E90100156A25 /* CGCatalogModel.swift */; };
		7E9CA2D31D89E90100156A25 /* CGGroupModel.swift in Sources */ = {isa = PBXBuildFile; fileRef = 7E9CA2D01D89E90100156A25 /* CGGroupModel.swift */; };
		7E9CA2D41D89E90100156A25 /* CGContentModel.swift in Sources */ = {isa = PBXBuildFile; fileRef = 7E9CA2D11D89E90100156A25 /* CGContentModel.swift */; };
		7E9CA2D81D89E96700156A25 /* CGCatalogServiceLocalJSON.swift in Sources */ = {isa = PBXBuildFile; fileRef = 7E9CA2D51D89E96700156A25 /* CGCatalogServiceLocalJSON.swift */; };
		7E9CA2D91D89E96700156A25 /* CGCatalogServiceProtocol.swift in Sources */ = {isa = PBXBuildFile; fileRef = 7E9CA2D61D89E96700156A25 /* CGCatalogServiceProtocol.swift */; };
		7E9CA2DA1D89E96700156A25 /* CGCatalogServiceFirebaseDatabase.swift in Sources */ = {isa = PBXBuildFile; fileRef = 7E9CA2D71D89E96700156A25 /* CGCatalogServiceFirebaseDatabase.swift */; };
		7EA0FF351D84884B002775DF /* CGAnalyticsTracker.swift in Sources */ = {isa = PBXBuildFile; fileRef = 7EA0FF341D84884B002775DF /* CGAnalyticsTracker.swift */; };
		7EBD2AE91D83F08500FD6FF8 /* FirebaseService.swift in Sources */ = {isa = PBXBuildFile; fileRef = 7EBD2AE31D83F08500FD6FF8 /* FirebaseService.swift */; };
		7EBD2AEA1D83F08500FD6FF8 /* GoogleSignInService.swift in Sources */ = {isa = PBXBuildFile; fileRef = 7EBD2AE41D83F08500FD6FF8 /* GoogleSignInService.swift */; };
		7EBD2AEB1D83F08500FD6FF8 /* GoogleAnalyticsService.swift in Sources */ = {isa = PBXBuildFile; fileRef = 7EBD2AE51D83F08500FD6FF8 /* GoogleAnalyticsService.swift */; };
		7EBD2AEC1D83F08500FD6FF8 /* RootService.swift in Sources */ = {isa = PBXBuildFile; fileRef = 7EBD2AE61D83F08500FD6FF8 /* RootService.swift */; };
		7EBD2AED1D83F08500FD6FF8 /* StoryKitService.swift in Sources */ = {isa = PBXBuildFile; fileRef = 7EBD2AE71D83F08500FD6FF8 /* StoryKitService.swift */; };
		7EBD2AEE1D83F08500FD6FF8 /* FirebaseNotificationService.swift in Sources */ = {isa = PBXBuildFile; fileRef = 7EBD2AE81D83F08500FD6FF8 /* FirebaseNotificationService.swift */; };
		7EBD2AF11D83F09100FD6FF8 /* AppDelegate.swift in Sources */ = {isa = PBXBuildFile; fileRef = 7EBD2AEF1D83F09100FD6FF8 /* AppDelegate.swift */; };
		7EBD2AF21D83F09100FD6FF8 /* AppDelegateServiceDispatcher.swift in Sources */ = {isa = PBXBuildFile; fileRef = 7EBD2AF01D83F09100FD6FF8 /* AppDelegateServiceDispatcher.swift */; };
		7ED0FE2C1D7F742900814132 /* AdSupport.framework in Frameworks */ = {isa = PBXBuildFile; fileRef = 7ED0FE2B1D7F742900814132 /* AdSupport.framework */; };
		7EE3ECF41D89F63200776A96 /* CGContentScreenViewController.swift in Sources */ = {isa = PBXBuildFile; fileRef = 7EE3ECF31D89F63200776A96 /* CGContentScreenViewController.swift */; };
		7EE3ECF71D89F64000776A96 /* CGGamesScreenDDM.swift in Sources */ = {isa = PBXBuildFile; fileRef = 7EE3ECF51D89F64000776A96 /* CGGamesScreenDDM.swift */; };
		7EE3ECF81D89F64000776A96 /* CGGamesScreenViewController.swift in Sources */ = {isa = PBXBuildFile; fileRef = 7EE3ECF61D89F64000776A96 /* CGGamesScreenViewController.swift */; };
		7EE3ECFB1D89F65400776A96 /* CGGamesScreenCell.swift in Sources */ = {isa = PBXBuildFile; fileRef = 7EE3ECF91D89F65400776A96 /* CGGamesScreenCell.swift */; };
		7EE3ECFC1D89F65400776A96 /* CGGamesScreenCell.xib in Resources */ = {isa = PBXBuildFile; fileRef = 7EE3ECFA1D89F65400776A96 /* CGGamesScreenCell.xib */; };
		7EE3ED011D89F68300776A96 /* CGMainScreenViewController.swift in Sources */ = {isa = PBXBuildFile; fileRef = 7EE3ECFD1D89F68300776A96 /* CGMainScreenViewController.swift */; };
		7EE3ED021D89F68300776A96 /* CGMainScreenDDM.swift in Sources */ = {isa = PBXBuildFile; fileRef = 7EE3ECFE1D89F68300776A96 /* CGMainScreenDDM.swift */; };
		7EE3ED031D89F68300776A96 /* CGAgeAskingController.swift in Sources */ = {isa = PBXBuildFile; fileRef = 7EE3ECFF1D89F68300776A96 /* CGAgeAskingController.swift */; };
		7EE3ED041D89F68300776A96 /* CGMainScreenDelegate.swift in Sources */ = {isa = PBXBuildFile; fileRef = 7EE3ED001D89F68300776A96 /* CGMainScreenDelegate.swift */; };
		7EE3ED071D89F6B300776A96 /* CGHeaderView.xib in Resources */ = {isa = PBXBuildFile; fileRef = 7EE3ED051D89F6B300776A96 /* CGHeaderView.xib */; };
		7EE3ED081D89F6B300776A96 /* CGHeaderView.swift in Sources */ = {isa = PBXBuildFile; fileRef = 7EE3ED061D89F6B300776A96 /* CGHeaderView.swift */; };
		7EE3ED0B1D89F6C800776A96 /* CGAboutUsCell.xib in Resources */ = {isa = PBXBuildFile; fileRef = 7EE3ED091D89F6C800776A96 /* CGAboutUsCell.xib */; };
		7EE3ED0C1D89F6C800776A96 /* CGAboutUsCell.swift in Sources */ = {isa = PBXBuildFile; fileRef = 7EE3ED0A1D89F6C800776A96 /* CGAboutUsCell.swift */; };
		7EE3ED0F1D89F6D300776A96 /* CGMainScreenCell.xib in Resources */ = {isa = PBXBuildFile; fileRef = 7EE3ED0D1D89F6D300776A96 /* CGMainScreenCell.xib */; };
		7EE3ED101D89F6D300776A96 /* CGMainScreenCell.swift in Sources */ = {isa = PBXBuildFile; fileRef = 7EE3ED0E1D89F6D300776A96 /* CGMainScreenCell.swift */; };
		7EE3ED131D8A0EBD00776A96 /* CGFabricRequestProtocol.swift in Sources */ = {isa = PBXBuildFile; fileRef = 7EE3ED121D8A0EBD00776A96 /* CGFabricRequestProtocol.swift */; };
		7EE3ED1C1D8A159F00776A96 /* LaunchScreen.storyboard in Resources */ = {isa = PBXBuildFile; fileRef = 7EE3ED151D8A159F00776A96 /* LaunchScreen.storyboard */; };
		7EE3ED1D1D8A159F00776A96 /* Main.storyboard in Resources */ = {isa = PBXBuildFile; fileRef = 7EE3ED171D8A159F00776A96 /* Main.storyboard */; };
		7EE3ED211D8A245600776A96 /* LocalStorage.swift in Sources */ = {isa = PBXBuildFile; fileRef = 7EE3ED201D8A245600776A96 /* LocalStorage.swift */; };
		7EE3ED231D8A246400776A96 /* StorageProtocol.swift in Sources */ = {isa = PBXBuildFile; fileRef = 7EE3ED221D8A246400776A96 /* StorageProtocol.swift */; };
		7EE3ED251D8A978D00776A96 /* CGFabricRequestContent.swift in Sources */ = {isa = PBXBuildFile; fileRef = 7EE3ED241D8A978D00776A96 /* CGFabricRequestContent.swift */; };
		85B7691405C442402447056B /* Pods_BabyBee.framework in Frameworks */ = {isa = PBXBuildFile; fileRef = 800F6E1A8D50C44163695A6A /* Pods_BabyBee.framework */; };
/* End PBXBuildFile section */

/* Begin PBXFileReference section */
		0534FE731D70D44200FE964A /* BabyBee.app */ = {isa = PBXFileReference; explicitFileType = wrapper.application; includeInIndex = 0; path = BabyBee.app; sourceTree = BUILT_PRODUCTS_DIR; };
		0534FE7D1D70D44200FE964A /* Assets.xcassets */ = {isa = PBXFileReference; lastKnownFileType = folder.assetcatalog; path = Assets.xcassets; sourceTree = "<group>"; };
		0534FE8F1D70D97E00FE964A /* Arimo-Bold.ttf */ = {isa = PBXFileReference; lastKnownFileType = file; name = "Arimo-Bold.ttf"; path = "Resources/Fonts/Arimo-Bold.ttf"; sourceTree = "<group>"; };
		0534FE901D70D97E00FE964A /* Arimo-BoldItalic.ttf */ = {isa = PBXFileReference; lastKnownFileType = file; name = "Arimo-BoldItalic.ttf"; path = "Resources/Fonts/Arimo-BoldItalic.ttf"; sourceTree = "<group>"; };
		0534FE911D70D97E00FE964A /* Arimo-Italic.ttf */ = {isa = PBXFileReference; lastKnownFileType = file; name = "Arimo-Italic.ttf"; path = "Resources/Fonts/Arimo-Italic.ttf"; sourceTree = "<group>"; };
		0534FE921D70D97E00FE964A /* Arimo-Regular.otf */ = {isa = PBXFileReference; lastKnownFileType = file; name = "Arimo-Regular.otf"; path = "Resources/Fonts/Arimo-Regular.otf"; sourceTree = "<group>"; };
		0534FE931D70D97E00FE964A /* FGroteskMobile.otf */ = {isa = PBXFileReference; lastKnownFileType = file; name = FGroteskMobile.otf; path = Resources/Fonts/FGroteskMobile.otf; sourceTree = "<group>"; };
		0534FE941D70D97E00FE964A /* fgrouble-Regular.otf */ = {isa = PBXFileReference; lastKnownFileType = file; name = "fgrouble-Regular.otf"; path = "Resources/Fonts/fgrouble-Regular.otf"; sourceTree = "<group>"; };
		0534FE951D70D97E00FE964A /* LavaPro-RegularItalic.otf */ = {isa = PBXFileReference; lastKnownFileType = file; name = "LavaPro-RegularItalic.otf"; path = "Resources/Fonts/LavaPro-RegularItalic.otf"; sourceTree = "<group>"; };
		0534FEB41D71CDB500FE964A /* Podfile */ = {isa = PBXFileReference; fileEncoding = 4; lastKnownFileType = text; path = Podfile; sourceTree = "<group>"; xcLanguageSpecificationIdentifier = xcode.lang.ruby; };
		0534FEBF1D72389900FE964A /* mums.json */ = {isa = PBXFileReference; fileEncoding = 4; lastKnownFileType = text.json; name = mums.json; path = Resources/Content/mums.json; sourceTree = "<group>"; };
		0534FEC21D7238A200FE964A /* bg_mainScreen.png */ = {isa = PBXFileReference; lastKnownFileType = image.png; name = bg_mainScreen.png; path = Resources/Images/bg_mainScreen.png; sourceTree = "<group>"; };
		0534FECA1D72630100FE964A /* WebKit.framework */ = {isa = PBXFileReference; lastKnownFileType = wrapper.framework; name = WebKit.framework; path = System/Library/Frameworks/WebKit.framework; sourceTree = SDKROOT; };
		0536AE611D7742F700941357 /* BeeAppIconIcon-60@2x.png */ = {isa = PBXFileReference; lastKnownFileType = image.png; name = "BeeAppIconIcon-60@2x.png"; path = "Resources/AppIcon/BeeAppIconIcon-60@2x.png"; sourceTree = "<group>"; };
		0536AE621D7742F700941357 /* BeeAppIconIcon-60@3x.png */ = {isa = PBXFileReference; lastKnownFileType = image.png; name = "BeeAppIconIcon-60@3x.png"; path = "Resources/AppIcon/BeeAppIconIcon-60@3x.png"; sourceTree = "<group>"; };
		0536AE631D7742F700941357 /* BeeAppIconIcon-76.png */ = {isa = PBXFileReference; lastKnownFileType = image.png; name = "BeeAppIconIcon-76.png"; path = "Resources/AppIcon/BeeAppIconIcon-76.png"; sourceTree = "<group>"; };
		0536AE641D7742F700941357 /* BeeAppIconIcon-76@2x.png */ = {isa = PBXFileReference; lastKnownFileType = image.png; name = "BeeAppIconIcon-76@2x.png"; path = "Resources/AppIcon/BeeAppIconIcon-76@2x.png"; sourceTree = "<group>"; };
		0536AE651D7742F700941357 /* BeeAppIconIcon-Small-40.png */ = {isa = PBXFileReference; lastKnownFileType = image.png; name = "BeeAppIconIcon-Small-40.png"; path = "Resources/AppIcon/BeeAppIconIcon-Small-40.png"; sourceTree = "<group>"; };
		0536AE661D7742F700941357 /* BeeAppIconIcon-Small-40@2x.png */ = {isa = PBXFileReference; lastKnownFileType = image.png; name = "BeeAppIconIcon-Small-40@2x.png"; path = "Resources/AppIcon/BeeAppIconIcon-Small-40@2x.png"; sourceTree = "<group>"; };
		0536AE671D7742F700941357 /* BeeAppIconIcon-Small-40@3x.png */ = {isa = PBXFileReference; lastKnownFileType = image.png; name = "BeeAppIconIcon-Small-40@3x.png"; path = "Resources/AppIcon/BeeAppIconIcon-Small-40@3x.png"; sourceTree = "<group>"; };
		0536AE681D7742F700941357 /* BeeAppIconIcon-Small.png */ = {isa = PBXFileReference; lastKnownFileType = image.png; name = "BeeAppIconIcon-Small.png"; path = "Resources/AppIcon/BeeAppIconIcon-Small.png"; sourceTree = "<group>"; };
		0536AE691D7742F700941357 /* BeeAppIconIcon-Small@2x.png */ = {isa = PBXFileReference; lastKnownFileType = image.png; name = "BeeAppIconIcon-Small@2x.png"; path = "Resources/AppIcon/BeeAppIconIcon-Small@2x.png"; sourceTree = "<group>"; };
		0536AE6A1D7742F700941357 /* BeeAppIconIcon-Small@3x.png */ = {isa = PBXFileReference; lastKnownFileType = image.png; name = "BeeAppIconIcon-Small@3x.png"; path = "Resources/AppIcon/BeeAppIconIcon-Small@3x.png"; sourceTree = "<group>"; };
		0536AE6B1D7742F700941357 /* BeeAppIconiTunesArtwork.png */ = {isa = PBXFileReference; lastKnownFileType = image.png; name = BeeAppIconiTunesArtwork.png; path = Resources/AppIcon/BeeAppIconiTunesArtwork.png; sourceTree = "<group>"; };
		0536AE6C1D7742F700941357 /* BeeAppIconiTunesArtwork@2x.png */ = {isa = PBXFileReference; lastKnownFileType = image.png; name = "BeeAppIconiTunesArtwork@2x.png"; path = "Resources/AppIcon/BeeAppIconiTunesArtwork@2x.png"; sourceTree = "<group>"; };
		0536AE791D77526900941357 /* OptJSON.swift */ = {isa = PBXFileReference; fileEncoding = 4; lastKnownFileType = sourcecode.swift; name = OptJSON.swift; path = ThirdParty/OptJSON.swift; sourceTree = "<group>"; };
		0536AE7D1D775F9600941357 /* NSDate.swift */ = {isa = PBXFileReference; fileEncoding = 4; lastKnownFileType = sourcecode.swift; name = NSDate.swift; path = Extensions/NSDate.swift; sourceTree = "<group>"; };
		0536AE811D77870B00941357 /* NSString.swift */ = {isa = PBXFileReference; fileEncoding = 4; lastKnownFileType = sourcecode.swift; name = NSString.swift; path = Extensions/NSString.swift; sourceTree = "<group>"; };
		0536AE831D7801A400941357 /* Cocon_Bold.otf */ = {isa = PBXFileReference; lastKnownFileType = file; name = Cocon_Bold.otf; path = Resources/Fonts/Cocon_Bold.otf; sourceTree = "<group>"; };
		0536AE851D780FDA00941357 /* GoogleService-Info.plist */ = {isa = PBXFileReference; fileEncoding = 4; lastKnownFileType = text.plist.xml; name = "GoogleService-Info.plist"; path = "Resources/GoogleService-Info.plist"; sourceTree = "<group>"; };
		0536AE861D780FDA00941357 /* BabyBee-Info.plist */ = {isa = PBXFileReference; fileEncoding = 4; lastKnownFileType = text.plist.xml; name = "BabyBee-Info.plist"; path = "Resources/BabyBee-Info.plist"; sourceTree = "<group>"; };
		0536AE901D7815E700941357 /* UIViewController.swift */ = {isa = PBXFileReference; fileEncoding = 4; lastKnownFileType = sourcecode.swift; name = UIViewController.swift; path = Extensions/UIViewController.swift; sourceTree = "<group>"; };
		0536AE921D78309900941357 /* headerScreen0.png */ = {isa = PBXFileReference; lastKnownFileType = image.png; name = headerScreen0.png; path = Resources/Images/headerScreen0.png; sourceTree = "<group>"; };
		0536AE961D7834C300941357 /* headerScreen3.png */ = {isa = PBXFileReference; lastKnownFileType = image.png; name = headerScreen3.png; path = Resources/Images/headerScreen3.png; sourceTree = "<group>"; };
		0536AE9C1D783C8A00941357 /* headerScreen2.png */ = {isa = PBXFileReference; lastKnownFileType = image.png; name = headerScreen2.png; path = Resources/Images/headerScreen2.png; sourceTree = "<group>"; };
		05564D9B1D7F01F4006E9311 /* BabyBee-Bridging-Header.h */ = {isa = PBXFileReference; fileEncoding = 4; lastKnownFileType = sourcecode.c.h; path = "BabyBee-Bridging-Header.h"; sourceTree = "<group>"; };
		057DC1A41D7ADE5E00F6C5F6 /* StoreKit.framework */ = {isa = PBXFileReference; lastKnownFileType = wrapper.framework; name = StoreKit.framework; path = System/Library/Frameworks/StoreKit.framework; sourceTree = SDKROOT; };
		18314F15E6CDE6AE1AEF2C00 /* Pods-BabyBee.debug.xcconfig */ = {isa = PBXFileReference; includeInIndex = 1; lastKnownFileType = text.xcconfig; name = "Pods-BabyBee.debug.xcconfig"; path = "Pods/Target Support Files/Pods-BabyBee/Pods-BabyBee.debug.xcconfig"; sourceTree = "<group>"; };
		7E0487251D875DFA0083C404 /* ApplicationAssembly.swift */ = {isa = PBXFileReference; fileEncoding = 4; lastKnownFileType = sourcecode.swift; name = ApplicationAssembly.swift; path = Assembly/ApplicationAssembly.swift; sourceTree = "<group>"; };
		7E0487281D875E400083C404 /* Configuration.plist */ = {isa = PBXFileReference; fileEncoding = 4; lastKnownFileType = text.plist.xml; name = Configuration.plist; path = Assembly/Configuration.plist; sourceTree = "<group>"; };
		7E04872A1D8770AB0083C404 /* AppDelegateServiceProtocol.swift */ = {isa = PBXFileReference; fileEncoding = 4; lastKnownFileType = sourcecode.swift; name = AppDelegateServiceProtocol.swift; path = AppDelegate/AppDelegateServiceProtocol.swift; sourceTree = "<group>"; };
		7E25BE351D88212E00ED372E /* BabyBee-Constants.swift */ = {isa = PBXFileReference; fileEncoding = 4; lastKnownFileType = sourcecode.swift; name = "BabyBee-Constants.swift"; path = "Resources/BabyBee-Constants.swift"; sourceTree = "<group>"; };
		7E25BE391D886A3C00ED372E /* BabyBee-LanguageStrings.strings */ = {isa = PBXFileReference; fileEncoding = 4; lastKnownFileType = text.plist.strings; name = "BabyBee-LanguageStrings.strings"; path = "Resources/BabyBee-LanguageStrings.strings"; sourceTree = "<group>"; };
		7E9CA2CF1D89E90100156A25 /* CGCatalogModel.swift */ = {isa = PBXFileReference; fileEncoding = 4; lastKnownFileType = sourcecode.swift; name = CGCatalogModel.swift; path = Models/CGCatalogModel.swift; sourceTree = "<group>"; };
		7E9CA2D01D89E90100156A25 /* CGGroupModel.swift */ = {isa = PBXFileReference; fileEncoding = 4; lastKnownFileType = sourcecode.swift; name = CGGroupModel.swift; path = Models/CGGroupModel.swift; sourceTree = "<group>"; };
		7E9CA2D11D89E90100156A25 /* CGContentModel.swift */ = {isa = PBXFileReference; fileEncoding = 4; lastKnownFileType = sourcecode.swift; name = CGContentModel.swift; path = Models/CGContentModel.swift; sourceTree = "<group>"; };
		7E9CA2D51D89E96700156A25 /* CGCatalogServiceLocalJSON.swift */ = {isa = PBXFileReference; fileEncoding = 4; lastKnownFileType = sourcecode.swift; name = CGCatalogServiceLocalJSON.swift; path = Services/CGCatalogServiceLocalJSON.swift; sourceTree = "<group>"; };
		7E9CA2D61D89E96700156A25 /* CGCatalogServiceProtocol.swift */ = {isa = PBXFileReference; fileEncoding = 4; lastKnownFileType = sourcecode.swift; name = CGCatalogServiceProtocol.swift; path = Services/CGCatalogServiceProtocol.swift; sourceTree = "<group>"; };
		7E9CA2D71D89E96700156A25 /* CGCatalogServiceFirebaseDatabase.swift */ = {isa = PBXFileReference; fileEncoding = 4; lastKnownFileType = sourcecode.swift; name = CGCatalogServiceFirebaseDatabase.swift; path = Services/CGCatalogServiceFirebaseDatabase.swift; sourceTree = "<group>"; };
		7EA0FF341D84884B002775DF /* CGAnalyticsTracker.swift */ = {isa = PBXFileReference; fileEncoding = 4; lastKnownFileType = sourcecode.swift; name = CGAnalyticsTracker.swift; path = BussinessLogic/CGAnalyticsTracker.swift; sourceTree = "<group>"; };
		7EBD2AE31D83F08500FD6FF8 /* FirebaseService.swift */ = {isa = PBXFileReference; fileEncoding = 4; lastKnownFileType = sourcecode.swift; name = FirebaseService.swift; path = AppDelegate/AppDelegateServices/FirebaseService.swift; sourceTree = "<group>"; };
		7EBD2AE41D83F08500FD6FF8 /* GoogleSignInService.swift */ = {isa = PBXFileReference; fileEncoding = 4; lastKnownFileType = sourcecode.swift; name = GoogleSignInService.swift; path = AppDelegate/AppDelegateServices/GoogleSignInService.swift; sourceTree = "<group>"; };
		7EBD2AE51D83F08500FD6FF8 /* GoogleAnalyticsService.swift */ = {isa = PBXFileReference; fileEncoding = 4; lastKnownFileType = sourcecode.swift; name = GoogleAnalyticsService.swift; path = AppDelegate/AppDelegateServices/GoogleAnalyticsService.swift; sourceTree = "<group>"; };
		7EBD2AE61D83F08500FD6FF8 /* RootService.swift */ = {isa = PBXFileReference; fileEncoding = 4; lastKnownFileType = sourcecode.swift; name = RootService.swift; path = AppDelegate/AppDelegateServices/RootService.swift; sourceTree = "<group>"; };
		7EBD2AE71D83F08500FD6FF8 /* StoryKitService.swift */ = {isa = PBXFileReference; fileEncoding = 4; lastKnownFileType = sourcecode.swift; name = StoryKitService.swift; path = AppDelegate/AppDelegateServices/StoryKitService.swift; sourceTree = "<group>"; };
		7EBD2AE81D83F08500FD6FF8 /* FirebaseNotificationService.swift */ = {isa = PBXFileReference; fileEncoding = 4; lastKnownFileType = sourcecode.swift; name = FirebaseNotificationService.swift; path = AppDelegate/AppDelegateServices/FirebaseNotificationService.swift; sourceTree = "<group>"; };
		7EBD2AEF1D83F09100FD6FF8 /* AppDelegate.swift */ = {isa = PBXFileReference; fileEncoding = 4; lastKnownFileType = sourcecode.swift; name = AppDelegate.swift; path = AppDelegate/AppDelegate.swift; sourceTree = "<group>"; };
		7EBD2AF01D83F09100FD6FF8 /* AppDelegateServiceDispatcher.swift */ = {isa = PBXFileReference; fileEncoding = 4; lastKnownFileType = sourcecode.swift; name = AppDelegateServiceDispatcher.swift; path = AppDelegate/AppDelegateServiceDispatcher.swift; sourceTree = "<group>"; };
		7ED0FE2B1D7F742900814132 /* AdSupport.framework */ = {isa = PBXFileReference; lastKnownFileType = wrapper.framework; name = AdSupport.framework; path = System/Library/Frameworks/AdSupport.framework; sourceTree = SDKROOT; };
		7EE3ECF31D89F63200776A96 /* CGContentScreenViewController.swift */ = {isa = PBXFileReference; fileEncoding = 4; lastKnownFileType = sourcecode.swift; name = CGContentScreenViewController.swift; path = Views/ContentScreen/CGContentScreenViewController.swift; sourceTree = "<group>"; };
		7EE3ECF51D89F64000776A96 /* CGGamesScreenDDM.swift */ = {isa = PBXFileReference; fileEncoding = 4; lastKnownFileType = sourcecode.swift; name = CGGamesScreenDDM.swift; path = Views/GamesScreen/CGGamesScreenDDM.swift; sourceTree = "<group>"; };
		7EE3ECF61D89F64000776A96 /* CGGamesScreenViewController.swift */ = {isa = PBXFileReference; fileEncoding = 4; lastKnownFileType = sourcecode.swift; name = CGGamesScreenViewController.swift; path = Views/GamesScreen/CGGamesScreenViewController.swift; sourceTree = "<group>"; };
		7EE3ECF91D89F65400776A96 /* CGGamesScreenCell.swift */ = {isa = PBXFileReference; fileEncoding = 4; lastKnownFileType = sourcecode.swift; name = CGGamesScreenCell.swift; path = Views/GamesScreen/CGGamesScreenCell.swift; sourceTree = "<group>"; };
		7EE3ECFA1D89F65400776A96 /* CGGamesScreenCell.xib */ = {isa = PBXFileReference; fileEncoding = 4; lastKnownFileType = file.xib; name = CGGamesScreenCell.xib; path = Views/GamesScreen/CGGamesScreenCell.xib; sourceTree = "<group>"; };
		7EE3ECFD1D89F68300776A96 /* CGMainScreenViewController.swift */ = {isa = PBXFileReference; fileEncoding = 4; lastKnownFileType = sourcecode.swift; name = CGMainScreenViewController.swift; path = Views/MainScreen/CGMainScreenViewController.swift; sourceTree = "<group>"; };
		7EE3ECFE1D89F68300776A96 /* CGMainScreenDDM.swift */ = {isa = PBXFileReference; fileEncoding = 4; lastKnownFileType = sourcecode.swift; name = CGMainScreenDDM.swift; path = Views/MainScreen/CGMainScreenDDM.swift; sourceTree = "<group>"; };
		7EE3ECFF1D89F68300776A96 /* CGAgeAskingController.swift */ = {isa = PBXFileReference; fileEncoding = 4; lastKnownFileType = sourcecode.swift; name = CGAgeAskingController.swift; path = Views/MainScreen/CGAgeAskingController.swift; sourceTree = "<group>"; };
		7EE3ED001D89F68300776A96 /* CGMainScreenDelegate.swift */ = {isa = PBXFileReference; fileEncoding = 4; lastKnownFileType = sourcecode.swift; name = CGMainScreenDelegate.swift; path = Views/MainScreen/CGMainScreenDelegate.swift; sourceTree = "<group>"; };
		7EE3ED051D89F6B300776A96 /* CGHeaderView.xib */ = {isa = PBXFileReference; fileEncoding = 4; lastKnownFileType = file.xib; name = CGHeaderView.xib; path = Views/MainScreen/CGHeaderView.xib; sourceTree = "<group>"; };
		7EE3ED061D89F6B300776A96 /* CGHeaderView.swift */ = {isa = PBXFileReference; fileEncoding = 4; lastKnownFileType = sourcecode.swift; name = CGHeaderView.swift; path = Views/MainScreen/CGHeaderView.swift; sourceTree = "<group>"; };
		7EE3ED091D89F6C800776A96 /* CGAboutUsCell.xib */ = {isa = PBXFileReference; fileEncoding = 4; lastKnownFileType = file.xib; name = CGAboutUsCell.xib; path = Views/MainScreen/CGAboutUsCell.xib; sourceTree = "<group>"; };
		7EE3ED0A1D89F6C800776A96 /* CGAboutUsCell.swift */ = {isa = PBXFileReference; fileEncoding = 4; lastKnownFileType = sourcecode.swift; name = CGAboutUsCell.swift; path = Views/MainScreen/CGAboutUsCell.swift; sourceTree = "<group>"; };
		7EE3ED0D1D89F6D300776A96 /* CGMainScreenCell.xib */ = {isa = PBXFileReference; fileEncoding = 4; lastKnownFileType = file.xib; name = CGMainScreenCell.xib; path = Views/MainScreen/CGMainScreenCell.xib; sourceTree = "<group>"; };
		7EE3ED0E1D89F6D300776A96 /* CGMainScreenCell.swift */ = {isa = PBXFileReference; fileEncoding = 4; lastKnownFileType = sourcecode.swift; name = CGMainScreenCell.swift; path = Views/MainScreen/CGMainScreenCell.swift; sourceTree = "<group>"; };
		7EE3ED121D8A0EBD00776A96 /* CGFabricRequestProtocol.swift */ = {isa = PBXFileReference; fileEncoding = 4; lastKnownFileType = sourcecode.swift; name = CGFabricRequestProtocol.swift; path = FabricRequests/CGFabricRequestProtocol.swift; sourceTree = "<group>"; };
		7EE3ED161D8A159F00776A96 /* Base */ = {isa = PBXFileReference; lastKnownFileType = file.storyboard; name = Base; path = LaunchScreen.storyboard; sourceTree = "<group>"; };
		7EE3ED181D8A159F00776A96 /* Base */ = {isa = PBXFileReference; lastKnownFileType = file.storyboard; name = Base; path = Main.storyboard; sourceTree = "<group>"; };
		7EE3ED201D8A245600776A96 /* LocalStorage.swift */ = {isa = PBXFileReference; fileEncoding = 4; lastKnownFileType = sourcecode.swift; name = LocalStorage.swift; path = Storage/LocalStorage.swift; sourceTree = "<group>"; };
		7EE3ED221D8A246400776A96 /* StorageProtocol.swift */ = {isa = PBXFileReference; fileEncoding = 4; lastKnownFileType = sourcecode.swift; name = StorageProtocol.swift; path = Storage/StorageProtocol.swift; sourceTree = "<group>"; };
		7EE3ED241D8A978D00776A96 /* CGFabricRequestContent.swift */ = {isa = PBXFileReference; fileEncoding = 4; lastKnownFileType = sourcecode.swift; name = CGFabricRequestContent.swift; path = FabricRequests/CGFabricRequestContent.swift; sourceTree = "<group>"; };
		800F6E1A8D50C44163695A6A /* Pods_BabyBee.framework */ = {isa = PBXFileReference; explicitFileType = wrapper.framework; includeInIndex = 0; path = Pods_BabyBee.framework; sourceTree = BUILT_PRODUCTS_DIR; };
		A764E2BF1A11E0BC0620D11E /* Pods-BabyBee.release.xcconfig */ = {isa = PBXFileReference; includeInIndex = 1; lastKnownFileType = text.xcconfig; name = "Pods-BabyBee.release.xcconfig"; path = "Pods/Target Support Files/Pods-BabyBee/Pods-BabyBee.release.xcconfig"; sourceTree = "<group>"; };
/* End PBXFileReference section */

/* Begin PBXFrameworksBuildPhase section */
		0534FE701D70D44200FE964A /* Frameworks */ = {
			isa = PBXFrameworksBuildPhase;
			buildActionMask = 2147483647;
			files = (
				7ED0FE2C1D7F742900814132 /* AdSupport.framework in Frameworks */,
				057DC1A51D7ADE5E00F6C5F6 /* StoreKit.framework in Frameworks */,
				0534FECB1D72630100FE964A /* WebKit.framework in Frameworks */,
				85B7691405C442402447056B /* Pods_BabyBee.framework in Frameworks */,
			);
			runOnlyForDeploymentPostprocessing = 0;
		};
/* End PBXFrameworksBuildPhase section */

/* Begin PBXGroup section */
		0534FE6A1D70D44200FE964A = {
			isa = PBXGroup;
			children = (
				0534FECA1D72630100FE964A /* WebKit.framework */,
				0534FEB41D71CDB500FE964A /* Podfile */,
				0534FE751D70D44200FE964A /* BabyBee */,
				0534FE741D70D44200FE964A /* Products */,
				D37F5D3949B8E28333BEE134 /* Pods */,
				2D01AC36A654022CB4900A3A /* Frameworks */,
			);
			sourceTree = "<group>";
		};
		0534FE741D70D44200FE964A /* Products */ = {
			isa = PBXGroup;
			children = (
				0534FE731D70D44200FE964A /* BabyBee.app */,
			);
			name = Products;
			sourceTree = "<group>";
		};
		0534FE751D70D44200FE964A /* BabyBee */ = {
			isa = PBXGroup;
			children = (
				7EE3ED1F1D8A243F00776A96 /* Storage */,
				05564D9B1D7F01F4006E9311 /* BabyBee-Bridging-Header.h */,
				7E0487271D875E000083C404 /* Assembly */,
				7E9CA2CE1D89E83F00156A25 /* Services */,
				7EE3ED111D8A0E8D00776A96 /* FabricRequests */,
				05564D9C1D7F06B1006E9311 /* BussinessLogic */,
				0536AE7C1D775F8800941357 /* Extensions */,
				0536AE7B1D77526C00941357 /* Thirdparty */,
				0534FEC71D725B7000FE964A /* Views */,
				0534FEAD1D71A06600FE964A /* Models */,
				0534FE8A1D70D66F00FE964A /* Resources */,
				7EBD2AD11D838A1B00FD6FF8 /* AppDelegate */,
			);
			path = BabyBee;
			sourceTree = "<group>";
		};
		0534FE8A1D70D66F00FE964A /* Resources */ = {
			isa = PBXGroup;
			children = (
				7EE3ED151D8A159F00776A96 /* LaunchScreen.storyboard */,
				7EE3ED171D8A159F00776A96 /* Main.storyboard */,
				7E25BE351D88212E00ED372E /* BabyBee-Constants.swift */,
				7E25BE391D886A3C00ED372E /* BabyBee-LanguageStrings.strings */,
				0536AE861D780FDA00941357 /* BabyBee-Info.plist */,
				0536AE851D780FDA00941357 /* GoogleService-Info.plist */,
				0536AE261D76C14B00941357 /* AppIcon */,
				0534FEBD1D72387100FE964A /* Content */,
				0534FE8E1D70D97500FE964A /* Fonts */,
				0534FE8D1D70D69D00FE964A /* Images */,
				0534FE7D1D70D44200FE964A /* Assets.xcassets */,
			);
			name = Resources;
			sourceTree = "<group>";
		};
		0534FE8B1D70D67400FE964A /* MainScreen */ = {
			isa = PBXGroup;
			children = (
				7EE3ECFD1D89F68300776A96 /* CGMainScreenViewController.swift */,
				7EE3ECFE1D89F68300776A96 /* CGMainScreenDDM.swift */,
				7EE3ECFF1D89F68300776A96 /* CGAgeAskingController.swift */,
				7EE3ED001D89F68300776A96 /* CGMainScreenDelegate.swift */,
				0534FEA91D719C5000FE964A /* Cells */,
			);
			name = MainScreen;
			sourceTree = "<group>";
		};
		0534FE8C1D70D67D00FE964A /* GamesScreen */ = {
			isa = PBXGroup;
			children = (
				7EE3ECF51D89F64000776A96 /* CGGamesScreenDDM.swift */,
				7EE3ECF61D89F64000776A96 /* CGGamesScreenViewController.swift */,
				0534FEAB1D719C6300FE964A /* Cells */,
			);
			name = GamesScreen;
			sourceTree = "<group>";
		};
		0534FE8D1D70D69D00FE964A /* Images */ = {
			isa = PBXGroup;
			children = (
				0536AE9C1D783C8A00941357 /* headerScreen2.png */,
				0536AE961D7834C300941357 /* headerScreen3.png */,
				0536AE921D78309900941357 /* headerScreen0.png */,
				0534FEC21D7238A200FE964A /* bg_mainScreen.png */,
			);
			name = Images;
			sourceTree = "<group>";
		};
		0534FE8E1D70D97500FE964A /* Fonts */ = {
			isa = PBXGroup;
			children = (
				0536AE831D7801A400941357 /* Cocon_Bold.otf */,
				0534FE8F1D70D97E00FE964A /* Arimo-Bold.ttf */,
				0534FE901D70D97E00FE964A /* Arimo-BoldItalic.ttf */,
				0534FE911D70D97E00FE964A /* Arimo-Italic.ttf */,
				0534FE921D70D97E00FE964A /* Arimo-Regular.otf */,
				0534FE931D70D97E00FE964A /* FGroteskMobile.otf */,
				0534FE941D70D97E00FE964A /* fgrouble-Regular.otf */,
				0534FE951D70D97E00FE964A /* LavaPro-RegularItalic.otf */,
			);
			name = Fonts;
			sourceTree = "<group>";
		};
		0534FEA91D719C5000FE964A /* Cells */ = {
			isa = PBXGroup;
			children = (
				0536AE981D78358500941357 /* CGHeaderView */,
				05E41FA31D78953400F5BCCC /* CGAboutUsCell */,
				0534FEAA1D719C5800FE964A /* CGMainScreenCell */,
			);
			name = Cells;
			sourceTree = "<group>";
		};
		0534FEAA1D719C5800FE964A /* CGMainScreenCell */ = {
			isa = PBXGroup;
			children = (
				7EE3ED0D1D89F6D300776A96 /* CGMainScreenCell.xib */,
				7EE3ED0E1D89F6D300776A96 /* CGMainScreenCell.swift */,
			);
			name = CGMainScreenCell;
			sourceTree = "<group>";
		};
		0534FEAB1D719C6300FE964A /* Cells */ = {
			isa = PBXGroup;
			children = (
				0534FEAC1D719C6B00FE964A /* CGGamesScreenCell */,
			);
			name = Cells;
			sourceTree = "<group>";
		};
		0534FEAC1D719C6B00FE964A /* CGGamesScreenCell */ = {
			isa = PBXGroup;
			children = (
				7EE3ECF91D89F65400776A96 /* CGGamesScreenCell.swift */,
				7EE3ECFA1D89F65400776A96 /* CGGamesScreenCell.xib */,
			);
			name = CGGamesScreenCell;
			sourceTree = "<group>";
		};
		0534FEAD1D71A06600FE964A /* Models */ = {
			isa = PBXGroup;
			children = (
				7E9CA2CF1D89E90100156A25 /* CGCatalogModel.swift */,
				7E9CA2D01D89E90100156A25 /* CGGroupModel.swift */,
				7E9CA2D11D89E90100156A25 /* CGContentModel.swift */,
			);
			name = Models;
			sourceTree = "<group>";
		};
		0534FEBD1D72387100FE964A /* Content */ = {
			isa = PBXGroup;
			children = (
				0534FEBF1D72389900FE964A /* mums.json */,
			);
			name = Content;
			sourceTree = "<group>";
		};
		0534FEC61D725B6800FE964A /* ContentScreen */ = {
			isa = PBXGroup;
			children = (
				7EE3ECF31D89F63200776A96 /* CGContentScreenViewController.swift */,
			);
			name = ContentScreen;
			sourceTree = "<group>";
		};
		0534FEC71D725B7000FE964A /* Views */ = {
			isa = PBXGroup;
			children = (
				0534FEC61D725B6800FE964A /* ContentScreen */,
				0534FE8C1D70D67D00FE964A /* GamesScreen */,
				0534FE8B1D70D67400FE964A /* MainScreen */,
			);
			name = Views;
			sourceTree = "<group>";
		};
		0536AE261D76C14B00941357 /* AppIcon */ = {
			isa = PBXGroup;
			children = (
				0536AE611D7742F700941357 /* BeeAppIconIcon-60@2x.png */,
				0536AE621D7742F700941357 /* BeeAppIconIcon-60@3x.png */,
				0536AE631D7742F700941357 /* BeeAppIconIcon-76.png */,
				0536AE641D7742F700941357 /* BeeAppIconIcon-76@2x.png */,
				0536AE651D7742F700941357 /* BeeAppIconIcon-Small-40.png */,
				0536AE661D7742F700941357 /* BeeAppIconIcon-Small-40@2x.png */,
				0536AE671D7742F700941357 /* BeeAppIconIcon-Small-40@3x.png */,
				0536AE681D7742F700941357 /* BeeAppIconIcon-Small.png */,
				0536AE691D7742F700941357 /* BeeAppIconIcon-Small@2x.png */,
				0536AE6A1D7742F700941357 /* BeeAppIconIcon-Small@3x.png */,
				0536AE6B1D7742F700941357 /* BeeAppIconiTunesArtwork.png */,
				0536AE6C1D7742F700941357 /* BeeAppIconiTunesArtwork@2x.png */,
			);
			name = AppIcon;
			sourceTree = "<group>";
		};
		0536AE7B1D77526C00941357 /* Thirdparty */ = {
			isa = PBXGroup;
			children = (
				0536AE791D77526900941357 /* OptJSON.swift */,
			);
			name = Thirdparty;
			sourceTree = "<group>";
		};
		0536AE7C1D775F8800941357 /* Extensions */ = {
			isa = PBXGroup;
			children = (
				0536AE7D1D775F9600941357 /* NSDate.swift */,
				0536AE811D77870B00941357 /* NSString.swift */,
				0536AE901D7815E700941357 /* UIViewController.swift */,
			);
			name = Extensions;
			sourceTree = "<group>";
		};
		0536AE981D78358500941357 /* CGHeaderView */ = {
			isa = PBXGroup;
			children = (
				7EE3ED051D89F6B300776A96 /* CGHeaderView.xib */,
				7EE3ED061D89F6B300776A96 /* CGHeaderView.swift */,
			);
			name = CGHeaderView;
			sourceTree = "<group>";
		};
		05564D9C1D7F06B1006E9311 /* BussinessLogic */ = {
			isa = PBXGroup;
			children = (
				7EA0FF341D84884B002775DF /* CGAnalyticsTracker.swift */,
			);
			name = BussinessLogic;
			sourceTree = "<group>";
		};
		05E41FA31D78953400F5BCCC /* CGAboutUsCell */ = {
			isa = PBXGroup;
			children = (
				7EE3ED091D89F6C800776A96 /* CGAboutUsCell.xib */,
				7EE3ED0A1D89F6C800776A96 /* CGAboutUsCell.swift */,
			);
			name = CGAboutUsCell;
			sourceTree = "<group>";
		};
		2D01AC36A654022CB4900A3A /* Frameworks */ = {
			isa = PBXGroup;
			children = (
				7ED0FE2B1D7F742900814132 /* AdSupport.framework */,
				057DC1A41D7ADE5E00F6C5F6 /* StoreKit.framework */,
				800F6E1A8D50C44163695A6A /* Pods_BabyBee.framework */,
			);
			name = Frameworks;
			sourceTree = "<group>";
		};
		7E0487271D875E000083C404 /* Assembly */ = {
			isa = PBXGroup;
			children = (
				7E0487251D875DFA0083C404 /* ApplicationAssembly.swift */,
				7E0487281D875E400083C404 /* Configuration.plist */,
			);
			name = Assembly;
			sourceTree = "<group>";
		};
		7E9CA2CE1D89E83F00156A25 /* Services */ = {
			isa = PBXGroup;
			children = (
				7E9CA2D51D89E96700156A25 /* CGCatalogServiceLocalJSON.swift */,
				7E9CA2D61D89E96700156A25 /* CGCatalogServiceProtocol.swift */,
				7E9CA2D71D89E96700156A25 /* CGCatalogServiceFirebaseDatabase.swift */,
			);
			name = Services;
			sourceTree = "<group>";
		};
		7EBD2AD11D838A1B00FD6FF8 /* AppDelegate */ = {
			isa = PBXGroup;
			children = (
				7EBD2AEF1D83F09100FD6FF8 /* AppDelegate.swift */,
				7E04872A1D8770AB0083C404 /* AppDelegateServiceProtocol.swift */,
				7EBD2AF01D83F09100FD6FF8 /* AppDelegateServiceDispatcher.swift */,
				7EBD2AE21D83F04500FD6FF8 /* AppDelegateServices */,
			);
			name = AppDelegate;
			sourceTree = "<group>";
		};
		7EBD2AE21D83F04500FD6FF8 /* AppDelegateServices */ = {
			isa = PBXGroup;
			children = (
				7EBD2AE61D83F08500FD6FF8 /* RootService.swift */,
				7EBD2AE51D83F08500FD6FF8 /* GoogleAnalyticsService.swift */,
				7EBD2AE31D83F08500FD6FF8 /* FirebaseService.swift */,
				7EBD2AE81D83F08500FD6FF8 /* FirebaseNotificationService.swift */,
				7EBD2AE71D83F08500FD6FF8 /* StoryKitService.swift */,
				7EBD2AE41D83F08500FD6FF8 /* GoogleSignInService.swift */,
			);
			name = AppDelegateServices;
			sourceTree = "<group>";
		};
		7EE3ED111D8A0E8D00776A96 /* FabricRequests */ = {
			isa = PBXGroup;
			children = (
				7EE3ED121D8A0EBD00776A96 /* CGFabricRequestProtocol.swift */,
				7EE3ED241D8A978D00776A96 /* CGFabricRequestContent.swift */,
			);
			name = FabricRequests;
			sourceTree = "<group>";
		};
		7EE3ED1F1D8A243F00776A96 /* Storage */ = {
			isa = PBXGroup;
			children = (
				7EE3ED201D8A245600776A96 /* LocalStorage.swift */,
				7EE3ED221D8A246400776A96 /* StorageProtocol.swift */,
			);
			name = Storage;
			sourceTree = "<group>";
		};
		D37F5D3949B8E28333BEE134 /* Pods */ = {
			isa = PBXGroup;
			children = (
				18314F15E6CDE6AE1AEF2C00 /* Pods-BabyBee.debug.xcconfig */,
				A764E2BF1A11E0BC0620D11E /* Pods-BabyBee.release.xcconfig */,
			);
			name = Pods;
			sourceTree = "<group>";
		};
/* End PBXGroup section */

/* Begin PBXNativeTarget section */
		0534FE721D70D44200FE964A /* BabyBee */ = {
			isa = PBXNativeTarget;
			buildConfigurationList = 0534FE851D70D44200FE964A /* Build configuration list for PBXNativeTarget "BabyBee" */;
			buildPhases = (
				25E9A5E107A23ECD918431B7 /* [CP] Check Pods Manifest.lock */,
				0534FE6F1D70D44200FE964A /* Sources */,
				0534FE701D70D44200FE964A /* Frameworks */,
				0534FE711D70D44200FE964A /* Resources */,
				205F877192D57275907B0184 /* [CP] Embed Pods Frameworks */,
				C145091E51EB315B775CE0D2 /* [CP] Copy Pods Resources */,
				AFB2787CE0BD1D186AB8606F /* Embed Pods Frameworks */,
			);
			buildRules = (
			);
			dependencies = (
			);
			name = BabyBee;
			productName = BabyBee;
			productReference = 0534FE731D70D44200FE964A /* BabyBee.app */;
			productType = "com.apple.product-type.application";
		};
/* End PBXNativeTarget section */

/* Begin PBXProject section */
		0534FE6B1D70D44200FE964A /* Project object */ = {
			isa = PBXProject;
			attributes = {
				LastSwiftUpdateCheck = 0730;
				LastUpgradeCheck = 0730;
				ORGANIZATIONNAME = v.vasilenko;
				TargetAttributes = {
					0534FE721D70D44200FE964A = {
						CreatedOnToolsVersion = 7.3.1;
						DevelopmentTeam = HAKZ2M653C;
						SystemCapabilities = {
							com.apple.BackgroundModes = {
								enabled = 1;
							};
							com.apple.InAppPurchase = {
								enabled = 1;
							};
							com.apple.Push = {
								enabled = 1;
							};
						};
					};
				};
			};
			buildConfigurationList = 0534FE6E1D70D44200FE964A /* Build configuration list for PBXProject "BabyBee" */;
			compatibilityVersion = "Xcode 3.2";
			developmentRegion = English;
			hasScannedForEncodings = 0;
			knownRegions = (
				en,
				Base,
			);
			mainGroup = 0534FE6A1D70D44200FE964A;
			productRefGroup = 0534FE741D70D44200FE964A /* Products */;
			projectDirPath = "";
			projectRoot = "";
			targets = (
				0534FE721D70D44200FE964A /* BabyBee */,
			);
		};
/* End PBXProject section */

/* Begin PBXResourcesBuildPhase section */
		0534FE711D70D44200FE964A /* Resources */ = {
			isa = PBXResourcesBuildPhase;
			buildActionMask = 2147483647;
			files = (
				0534FE971D70D97E00FE964A /* Arimo-BoldItalic.ttf in Resources */,
				0534FEC41D7238A200FE964A /* bg_mainScreen.png in Resources */,
				0534FEC11D72389900FE964A /* mums.json in Resources */,
				7EE3ECFC1D89F65400776A96 /* CGGamesScreenCell.xib in Resources */,
				0536AE701D7742F700941357 /* BeeAppIconIcon-76@2x.png in Resources */,
				0536AE771D7742F700941357 /* BeeAppIconiTunesArtwork.png in Resources */,
				0536AE741D7742F700941357 /* BeeAppIconIcon-Small.png in Resources */,
				0536AE6D1D7742F700941357 /* BeeAppIconIcon-60@2x.png in Resources */,
				0534FE981D70D97E00FE964A /* Arimo-Italic.ttf in Resources */,
				0536AE761D7742F700941357 /* BeeAppIconIcon-Small@3x.png in Resources */,
				0536AE9D1D783C8A00941357 /* headerScreen2.png in Resources */,
				0536AE6E1D7742F700941357 /* BeeAppIconIcon-60@3x.png in Resources */,
				0536AE941D78309900941357 /* headerScreen0.png in Resources */,
				7E0487291D875E400083C404 /* Configuration.plist in Resources */,
				0536AE721D7742F700941357 /* BeeAppIconIcon-Small-40@2x.png in Resources */,
				7EE3ED1D1D8A159F00776A96 /* Main.storyboard in Resources */,
				7EE3ED0F1D89F6D300776A96 /* CGMainScreenCell.xib in Resources */,
				0536AE731D7742F700941357 /* BeeAppIconIcon-Small-40@3x.png in Resources */,
				0536AE751D7742F700941357 /* BeeAppIconIcon-Small@2x.png in Resources */,
				7EE3ED1C1D8A159F00776A96 /* LaunchScreen.storyboard in Resources */,
				0536AE781D7742F700941357 /* BeeAppIconiTunesArtwork@2x.png in Resources */,
				0534FE9C1D70D97E00FE964A /* LavaPro-RegularItalic.otf in Resources */,
				0534FE9B1D70D97E00FE964A /* fgrouble-Regular.otf in Resources */,
				0536AE841D7801A400941357 /* Cocon_Bold.otf in Resources */,
				7EE3ED071D89F6B300776A96 /* CGHeaderView.xib in Resources */,
				0534FE961D70D97E00FE964A /* Arimo-Bold.ttf in Resources */,
				0534FE9A1D70D97E00FE964A /* FGroteskMobile.otf in Resources */,
				0534FEB51D71CDB500FE964A /* Podfile in Resources */,
				0534FE7E1D70D44200FE964A /* Assets.xcassets in Resources */,
				0536AE971D7834C300941357 /* headerScreen3.png in Resources */,
				0536AE711D7742F700941357 /* BeeAppIconIcon-Small-40.png in Resources */,
				0536AE871D780FDA00941357 /* GoogleService-Info.plist in Resources */,
				0534FE991D70D97E00FE964A /* Arimo-Regular.otf in Resources */,
				7E25BE3A1D886A3C00ED372E /* BabyBee-LanguageStrings.strings in Resources */,
				0536AE6F1D7742F700941357 /* BeeAppIconIcon-76.png in Resources */,
				7EE3ED0B1D89F6C800776A96 /* CGAboutUsCell.xib in Resources */,
			);
			runOnlyForDeploymentPostprocessing = 0;
		};
/* End PBXResourcesBuildPhase section */

/* Begin PBXShellScriptBuildPhase section */
		205F877192D57275907B0184 /* [CP] Embed Pods Frameworks */ = {
			isa = PBXShellScriptBuildPhase;
			buildActionMask = 2147483647;
			files = (
			);
			inputPaths = (
			);
			name = "[CP] Embed Pods Frameworks";
			outputPaths = (
			);
			runOnlyForDeploymentPostprocessing = 0;
			shellPath = /bin/sh;
			shellScript = "\"${SRCROOT}/Pods/Target Support Files/Pods-BabyBee/Pods-BabyBee-frameworks.sh\"\n";
			showEnvVarsInLog = 0;
		};
		25E9A5E107A23ECD918431B7 /* [CP] Check Pods Manifest.lock */ = {
			isa = PBXShellScriptBuildPhase;
			buildActionMask = 2147483647;
			files = (
			);
			inputPaths = (
			);
			name = "[CP] Check Pods Manifest.lock";
			outputPaths = (
			);
			runOnlyForDeploymentPostprocessing = 0;
			shellPath = /bin/sh;
			shellScript = "diff \"${PODS_ROOT}/../Podfile.lock\" \"${PODS_ROOT}/Manifest.lock\" > /dev/null\nif [[ $? != 0 ]] ; then\n    cat << EOM\nerror: The sandbox is not in sync with the Podfile.lock. Run 'pod install' or update your CocoaPods installation.\nEOM\n    exit 1\nfi\n";
			showEnvVarsInLog = 0;
		};
		AFB2787CE0BD1D186AB8606F /* Embed Pods Frameworks */ = {
			isa = PBXShellScriptBuildPhase;
			buildActionMask = 2147483647;
			files = (
			);
			inputPaths = (
			);
			name = "Embed Pods Frameworks";
			outputPaths = (
			);
			runOnlyForDeploymentPostprocessing = 0;
			shellPath = /bin/sh;
			shellScript = "\"${SRCROOT}/Pods/Target Support Files/Pods-BabyBee/Pods-BabyBee-frameworks.sh\"\n";
			showEnvVarsInLog = 0;
		};
		C145091E51EB315B775CE0D2 /* [CP] Copy Pods Resources */ = {
			isa = PBXShellScriptBuildPhase;
			buildActionMask = 2147483647;
			files = (
			);
			inputPaths = (
			);
			name = "[CP] Copy Pods Resources";
			outputPaths = (
			);
			runOnlyForDeploymentPostprocessing = 0;
			shellPath = /bin/sh;
			shellScript = "\"${SRCROOT}/Pods/Target Support Files/Pods-BabyBee/Pods-BabyBee-resources.sh\"\n";
			showEnvVarsInLog = 0;
		};
/* End PBXShellScriptBuildPhase section */

/* Begin PBXSourcesBuildPhase section */
		0534FE6F1D70D44200FE964A /* Sources */ = {
			isa = PBXSourcesBuildPhase;
			buildActionMask = 2147483647;
			files = (
				7EE3ECF41D89F63200776A96 /* CGContentScreenViewController.swift in Sources */,
				7EE3ED011D89F68300776A96 /* CGMainScreenViewController.swift in Sources */,
				7E9CA2D91D89E96700156A25 /* CGCatalogServiceProtocol.swift in Sources */,
				7EE3ED0C1D89F6C800776A96 /* CGAboutUsCell.swift in Sources */,
				7EBD2AEA1D83F08500FD6FF8 /* GoogleSignInService.swift in Sources */,
				7EBD2AEB1D83F08500FD6FF8 /* GoogleAnalyticsService.swift in Sources */,
				7EE3ED081D89F6B300776A96 /* CGHeaderView.swift in Sources */,
				7EE3ED231D8A246400776A96 /* StorageProtocol.swift in Sources */,
				0536AE821D77870B00941357 /* NSString.swift in Sources */,
				7EE3ED021D89F68300776A96 /* CGMainScreenDDM.swift in Sources */,
				7E9CA2D81D89E96700156A25 /* CGCatalogServiceLocalJSON.swift in Sources */,
				7EBD2AE91D83F08500FD6FF8 /* FirebaseService.swift in Sources */,
				7E9CA2D21D89E90100156A25 /* CGCatalogModel.swift in Sources */,
				7EBD2AEC1D83F08500FD6FF8 /* RootService.swift in Sources */,
				7EBD2AF21D83F09100FD6FF8 /* AppDelegateServiceDispatcher.swift in Sources */,
				7EE3ED031D89F68300776A96 /* CGAgeAskingController.swift in Sources */,
				7E9CA2DA1D89E96700156A25 /* CGCatalogServiceFirebaseDatabase.swift in Sources */,
				0536AE7A1D77526900941357 /* OptJSON.swift in Sources */,
				0536AE911D7815E700941357 /* UIViewController.swift in Sources */,
				7EE3ECFB1D89F65400776A96 /* CGGamesScreenCell.swift in Sources */,
				7EE3ECF81D89F64000776A96 /* CGGamesScreenViewController.swift in Sources */,
				7E25BE361D88212E00ED372E /* BabyBee-Constants.swift in Sources */,
				7EE3ED101D89F6D300776A96 /* CGMainScreenCell.swift in Sources */,
				7EE3ED131D8A0EBD00776A96 /* CGFabricRequestProtocol.swift in Sources */,
				7EE3ED251D8A978D00776A96 /* CGFabricRequestContent.swift in Sources */,
				7E9CA2D41D89E90100156A25 /* CGContentModel.swift in Sources */,
				7EE3ED041D89F68300776A96 /* CGMainScreenDelegate.swift in Sources */,
				7E9CA2D31D89E90100156A25 /* CGGroupModel.swift in Sources */,
				7EE3ED211D8A245600776A96 /* LocalStorage.swift in Sources */,
				7EBD2AED1D83F08500FD6FF8 /* StoryKitService.swift in Sources */,
				7EBD2AEE1D83F08500FD6FF8 /* FirebaseNotificationService.swift in Sources */,
				0536AE7E1D775F9600941357 /* NSDate.swift in Sources */,
				7EBD2AF11D83F09100FD6FF8 /* AppDelegate.swift in Sources */,
				7E0487261D875DFA0083C404 /* ApplicationAssembly.swift in Sources */,
				7EA0FF351D84884B002775DF /* CGAnalyticsTracker.swift in Sources */,
				7EE3ECF71D89F64000776A96 /* CGGamesScreenDDM.swift in Sources */,
				7E04872B1D8770AB0083C404 /* AppDelegateServiceProtocol.swift in Sources */,
			);
			runOnlyForDeploymentPostprocessing = 0;
		};
/* End PBXSourcesBuildPhase section */

/* Begin PBXVariantGroup section */
		7EE3ED151D8A159F00776A96 /* LaunchScreen.storyboard */ = {
			isa = PBXVariantGroup;
			children = (
				7EE3ED161D8A159F00776A96 /* Base */,
			);
			name = LaunchScreen.storyboard;
			path = Resources/Base.lproj;
			sourceTree = "<group>";
		};
		7EE3ED171D8A159F00776A96 /* Main.storyboard */ = {
			isa = PBXVariantGroup;
			children = (
				7EE3ED181D8A159F00776A96 /* Base */,
			);
			name = Main.storyboard;
			path = Resources/Base.lproj;
			sourceTree = "<group>";
		};
/* End PBXVariantGroup section */

/* Begin XCBuildConfiguration section */
		0534FE831D70D44200FE964A /* Debug */ = {
			isa = XCBuildConfiguration;
			buildSettings = {
				ALWAYS_SEARCH_USER_PATHS = NO;
				CLANG_ANALYZER_NONNULL = YES;
				CLANG_CXX_LANGUAGE_STANDARD = "gnu++0x";
				CLANG_CXX_LIBRARY = "libc++";
				CLANG_ENABLE_MODULES = YES;
				CLANG_ENABLE_OBJC_ARC = YES;
				CLANG_WARN_BOOL_CONVERSION = YES;
				CLANG_WARN_CONSTANT_CONVERSION = YES;
				CLANG_WARN_DIRECT_OBJC_ISA_USAGE = YES_ERROR;
				CLANG_WARN_EMPTY_BODY = YES;
				CLANG_WARN_ENUM_CONVERSION = YES;
				CLANG_WARN_INT_CONVERSION = YES;
				CLANG_WARN_OBJC_ROOT_CLASS = YES_ERROR;
				CLANG_WARN_UNREACHABLE_CODE = YES;
				CLANG_WARN__DUPLICATE_METHOD_MATCH = YES;
				"CODE_SIGN_IDENTITY[sdk=iphoneos*]" = "iPhone Developer";
				COPY_PHASE_STRIP = NO;
				DEBUG_INFORMATION_FORMAT = dwarf;
				ENABLE_STRICT_OBJC_MSGSEND = YES;
				ENABLE_TESTABILITY = YES;
				GCC_C_LANGUAGE_STANDARD = gnu99;
				GCC_DYNAMIC_NO_PIC = NO;
				GCC_NO_COMMON_BLOCKS = YES;
				GCC_OPTIMIZATION_LEVEL = 0;
				GCC_PREPROCESSOR_DEFINITIONS = (
					"DEBUG=1",
					"$(inherited)",
				);
				GCC_WARN_64_TO_32_BIT_CONVERSION = YES;
				GCC_WARN_ABOUT_RETURN_TYPE = YES_ERROR;
				GCC_WARN_UNDECLARED_SELECTOR = YES;
				GCC_WARN_UNINITIALIZED_AUTOS = YES_AGGRESSIVE;
				GCC_WARN_UNUSED_FUNCTION = YES;
				GCC_WARN_UNUSED_VARIABLE = YES;
				IPHONEOS_DEPLOYMENT_TARGET = 8.0;
				MTL_ENABLE_DEBUG_INFO = YES;
				ONLY_ACTIVE_ARCH = YES;
				SDKROOT = iphoneos;
				SWIFT_OBJC_BRIDGING_HEADER = "BabyBee-Bridging-Header.h";
				SWIFT_OPTIMIZATION_LEVEL = "-Onone";
			};
			name = Debug;
		};
		0534FE841D70D44200FE964A /* Release */ = {
			isa = XCBuildConfiguration;
			buildSettings = {
				ALWAYS_SEARCH_USER_PATHS = NO;
				CLANG_ANALYZER_NONNULL = YES;
				CLANG_CXX_LANGUAGE_STANDARD = "gnu++0x";
				CLANG_CXX_LIBRARY = "libc++";
				CLANG_ENABLE_MODULES = YES;
				CLANG_ENABLE_OBJC_ARC = YES;
				CLANG_WARN_BOOL_CONVERSION = YES;
				CLANG_WARN_CONSTANT_CONVERSION = YES;
				CLANG_WARN_DIRECT_OBJC_ISA_USAGE = YES_ERROR;
				CLANG_WARN_EMPTY_BODY = YES;
				CLANG_WARN_ENUM_CONVERSION = YES;
				CLANG_WARN_INT_CONVERSION = YES;
				CLANG_WARN_OBJC_ROOT_CLASS = YES_ERROR;
				CLANG_WARN_UNREACHABLE_CODE = YES;
				CLANG_WARN__DUPLICATE_METHOD_MATCH = YES;
				"CODE_SIGN_IDENTITY[sdk=iphoneos*]" = "iPhone Developer";
				COPY_PHASE_STRIP = NO;
				DEBUG_INFORMATION_FORMAT = "dwarf-with-dsym";
				ENABLE_NS_ASSERTIONS = NO;
				ENABLE_STRICT_OBJC_MSGSEND = YES;
				GCC_C_LANGUAGE_STANDARD = gnu99;
				GCC_NO_COMMON_BLOCKS = YES;
				GCC_WARN_64_TO_32_BIT_CONVERSION = YES;
				GCC_WARN_ABOUT_RETURN_TYPE = YES_ERROR;
				GCC_WARN_UNDECLARED_SELECTOR = YES;
				GCC_WARN_UNINITIALIZED_AUTOS = YES_AGGRESSIVE;
				GCC_WARN_UNUSED_FUNCTION = YES;
				GCC_WARN_UNUSED_VARIABLE = YES;
				IPHONEOS_DEPLOYMENT_TARGET = 8.0;
				MTL_ENABLE_DEBUG_INFO = NO;
				SDKROOT = iphoneos;
				SWIFT_OBJC_BRIDGING_HEADER = "BabyBee-Bridging-Header.h";
				VALIDATE_PRODUCT = YES;
			};
			name = Release;
		};
		0534FE861D70D44200FE964A /* Debug */ = {
			isa = XCBuildConfiguration;
			baseConfigurationReference = 18314F15E6CDE6AE1AEF2C00 /* Pods-BabyBee.debug.xcconfig */;
			buildSettings = {
				ASSETCATALOG_COMPILER_APPICON_NAME = AppIcon;
				CODE_SIGN_IDENTITY = "iPhone Developer";
				"CODE_SIGN_IDENTITY[sdk=iphoneos*]" = "iPhone Developer: Vladislav Vasilenko (W7T84FQCY3)";
				INFOPLIST_FILE = "BabyBee/Resources/BabyBee-Info.plist";
				IPHONEOS_DEPLOYMENT_TARGET = 8.0;
				LD_RUNPATH_SEARCH_PATHS = "$(inherited) @executable_path/Frameworks";
				"OTHER_SWIFT_FLAGS[arch=*]" = "$(inherited) \"-D\" \"COCOAPODS\" \"-D\" \"DEBUG\"";
				PRODUCT_BUNDLE_IDENTIFIER = com.MobiPuzzle.BabyBee;
				PRODUCT_NAME = BabyBee;
				PROVISIONING_PROFILE = "";
				SWIFT_OBJC_BRIDGING_HEADER = "BabyBee/BabyBee-Bridging-Header.h";
			};
			name = Debug;
		};
		0534FE871D70D44200FE964A /* Release */ = {
			isa = XCBuildConfiguration;
			baseConfigurationReference = A764E2BF1A11E0BC0620D11E /* Pods-BabyBee.release.xcconfig */;
			buildSettings = {
				ASSETCATALOG_COMPILER_APPICON_NAME = AppIcon;
				CODE_SIGN_IDENTITY = "iPhone Developer";
				"CODE_SIGN_IDENTITY[sdk=iphoneos*]" = "iPhone Developer: Vladislav Vasilenko (W7T84FQCY3)";
				INFOPLIST_FILE = "BabyBee/Resources/BabyBee-Info.plist";
				IPHONEOS_DEPLOYMENT_TARGET = 8.0;
				LD_RUNPATH_SEARCH_PATHS = "$(inherited) @executable_path/Frameworks";
				PRODUCT_BUNDLE_IDENTIFIER = com.MobiPuzzle.BabyBee;
				PRODUCT_NAME = BabyBee;
				PROVISIONING_PROFILE = "";
				SWIFT_OBJC_BRIDGING_HEADER = "BabyBee/BabyBee-Bridging-Header.h";
			};
			name = Release;
		};
/* End XCBuildConfiguration section */

/* Begin XCConfigurationList section */
		0534FE6E1D70D44200FE964A /* Build configuration list for PBXProject "BabyBee" */ = {
			isa = XCConfigurationList;
			buildConfigurations = (
				0534FE831D70D44200FE964A /* Debug */,
				0534FE841D70D44200FE964A /* Release */,
			);
			defaultConfigurationIsVisible = 0;
			defaultConfigurationName = Release;
		};
		0534FE851D70D44200FE964A /* Build configuration list for PBXNativeTarget "BabyBee" */ = {
			isa = XCConfigurationList;
			buildConfigurations = (
				0534FE861D70D44200FE964A /* Debug */,
				0534FE871D70D44200FE964A /* Release */,
			);
			defaultConfigurationIsVisible = 0;
			defaultConfigurationName = Release;
		};
/* End XCConfigurationList section */
	};
	rootObject = 0534FE6B1D70D44200FE964A /* Project object */;
}
